PODS:
  - MultiSDK (0.1.0):
    - MultiSDK/MainSDK (= 0.1.0)
  - MultiSDK/AdditionalSDK (0.1.0)
  - MultiSDK/MainSDK (0.1.0)

DEPENDENCIES:
  - "MultiSDK (from `git@github.com:amichnia/Swift-framework-with-optional-frameworks.git`)"
  - "MultiSDK/AdditionalSDK (from `git@github.com:amichnia/Swift-framework-with-optional-frameworks.git`)"

EXTERNAL SOURCES:
  MultiSDK:
    :git: "git@github.com:amichnia/Swift-framework-with-optional-frameworks.git"

CHECKOUT OPTIONS:
  MultiSDK:
    :commit: 08b792a658903fce05a49ca28703a23cda285dbe
    :git: "git@github.com:amichnia/Swift-framework-with-optional-frameworks.git"

SPEC CHECKSUMS:
  MultiSDK: 1d4dcad1a04d055d56a279adaafad5d81cb46963

PODFILE CHECKSUM: 28b77ebea015f563b42eadcfd2bcfffb9922a9a5

COCOAPODS: 1.6.1
