// !$*UTF8*$!
{
	archiveVersion = 1;
	classes = {
	};
	objectVersion = 50;
	objects = {

/* Begin PBXBuildFile section */
		C7D3728044CF12E7DA13EB0C /* Pods_JustAnApp.framework in Frameworks */ = {isa = PBXBuildFile; fileRef = D5B822CE692DCB1DF7222642 /* Pods_JustAnApp.framework */; };
		CC968D02225A0E7E003523DB /* AppDelegate.swift in Sources */ = {isa = PBXBuildFile; fileRef = CC968D01225A0E7E003523DB /* AppDelegate.swift */; };
		CC968D04225A0E7E003523DB /* ViewController.swift in Sources */ = {isa = PBXBuildFile; fileRef = CC968D03225A0E7E003523DB /* ViewController.swift */; };
		CC968D07225A0E7E003523DB /* Main.storyboard in Resources */ = {isa = PBXBuildFile; fileRef = CC968D05225A0E7E003523DB /* Main.storyboard */; };
		CC968D09225A0E80003523DB /* Assets.xcassets in Resources */ = {isa = PBXBuildFile; fileRef = CC968D08225A0E80003523DB /* Assets.xcassets */; };
		CC968D0C225A0E80003523DB /* LaunchScreen.storyboard in Resources */ = {isa = PBXBuildFile; fileRef = CC968D0A225A0E80003523DB /* LaunchScreen.storyboard */; };
/* End PBXBuildFile section */

/* Begin PBXFileReference section */
		306B577CDF5321D47ABDF347 /* Pods-JustAnApp.debug.xcconfig */ = {isa = PBXFileReference; includeInIndex = 1; lastKnownFileType = text.xcconfig; name = "Pods-JustAnApp.debug.xcconfig"; path = "Target Support Files/Pods-JustAnApp/Pods-JustAnApp.debug.xcconfig"; sourceTree = "<group>"; };
		CC968CFE225A0E7E003523DB /* JustAnApp.app */ = {isa = PBXFileReference; explicitFileType = wrapper.application; includeInIndex = 0; path = JustAnApp.app; sourceTree = BUILT_PRODUCTS_DIR; };
		CC968D01225A0E7E003523DB /* AppDelegate.swift */ = {isa = PBXFileReference; lastKnownFileType = sourcecode.swift; path = AppDelegate.swift; sourceTree = "<group>"; };
		CC968D03225A0E7E003523DB /* ViewController.swift */ = {isa = PBXFileReference; lastKnownFileType = sourcecode.swift; path = ViewController.swift; sourceTree = "<group>"; };
		CC968D06225A0E7E003523DB /* Base */ = {isa = PBXFileReference; lastKnownFileType = file.storyboard; name = Base; path = Base.lproj/Main.storyboard; sourceTree = "<group>"; };
		CC968D08225A0E80003523DB /* Assets.xcassets */ = {isa = PBXFileReference; lastKnownFileType = folder.assetcatalog; path = Assets.xcassets; sourceTree = "<group>"; };
		CC968D0B225A0E80003523DB /* Base */ = {isa = PBXFileReference; lastKnownFileType = file.storyboard; name = Base; path = Base.lproj/LaunchScreen.storyboard; sourceTree = "<group>"; };
		CC968D0D225A0E80003523DB /* Info.plist */ = {isa = PBXFileReference; lastKnownFileType = text.plist.xml; path = Info.plist; sourceTree = "<group>"; };
		D1385C5F06E714A14A64FE1F /* Pods-JustAnApp.release.xcconfig */ = {isa = PBXFileReference; includeInIndex = 1; lastKnownFileType = text.xcconfig; name = "Pods-JustAnApp.release.xcconfig"; path = "Target Support Files/Pods-JustAnApp/Pods-JustAnApp.release.xcconfig"; sourceTree = "<group>"; };
		D5B822CE692DCB1DF7222642 /* Pods_JustAnApp.framework */ = {isa = PBXFileReference; explicitFileType = wrapper.framework; includeInIndex = 0; path = Pods_JustAnApp.framework; sourceTree = BUILT_PRODUCTS_DIR; };
/* End PBXFileReference section */

/* Begin PBXFrameworksBuildPhase section */
		CC968CFB225A0E7E003523DB /* Frameworks */ = {
			isa = PBXFrameworksBuildPhase;
			buildActionMask = 2147483647;
			files = (
				C7D3728044CF12E7DA13EB0C /* Pods_JustAnApp.framework in Frameworks */,
			);
			runOnlyForDeploymentPostprocessing = 0;
		};
/* End PBXFrameworksBuildPhase section */

/* Begin PBXGroup section */
		C2C875F05CB696E4A74BBC13 /* Frameworks */ = {
			isa = PBXGroup;
			children = (
				D5B822CE692DCB1DF7222642 /* Pods_JustAnApp.framework */,
			);
			name = Frameworks;
			sourceTree = "<group>";
		};
		CC968CF5225A0E7E003523DB = {
			isa = PBXGroup;
			children = (
				CC968D00225A0E7E003523DB /* JustAnApp */,
				CC968CFF225A0E7E003523DB /* Products */,
				D20C66C1358E93C3612B2FC6 /* Pods */,
				C2C875F05CB696E4A74BBC13 /* Frameworks */,
			);
			sourceTree = "<group>";
		};
		CC968CFF225A0E7E003523DB /* Products */ = {
			isa = PBXGroup;
			children = (
				CC968CFE225A0E7E003523DB /* JustAnApp.app */,
			);
			name = Products;
			sourceTree = "<group>";
		};
		CC968D00225A0E7E003523DB /* JustAnApp */ = {
			isa = PBXGroup;
			children = (
				CC968D01225A0E7E003523DB /* AppDelegate.swift */,
				CC968D03225A0E7E003523DB /* ViewController.swift */,
				CC968D05225A0E7E003523DB /* Main.storyboard */,
				CC968D08225A0E80003523DB /* Assets.xcassets */,
				CC968D0A225A0E80003523DB /* LaunchScreen.storyboard */,
				CC968D0D225A0E80003523DB /* Info.plist */,
			);
			path = JustAnApp;
			sourceTree = "<group>";
		};
		D20C66C1358E93C3612B2FC6 /* Pods */ = {
			isa = PBXGroup;
			children = (
				306B577CDF5321D47ABDF347 /* Pods-JustAnApp.debug.xcconfig */,
				D1385C5F06E714A14A64FE1F /* Pods-JustAnApp.release.xcconfig */,
			);
			path = Pods;
			sourceTree = "<group>";
		};
/* End PBXGroup section */

/* Begin PBXNativeTarget section */
		CC968CFD225A0E7E003523DB /* JustAnApp */ = {
			isa = PBXNativeTarget;
			buildConfigurationList = CC968D10225A0E80003523DB /* Build configuration list for PBXNativeTarget "JustAnApp" */;
			buildPhases = (
				DD9CB2AF0A4657374126E909 /* [CP] Check Pods Manifest.lock */,
				CC968CFA225A0E7E003523DB /* Sources */,
				CC968CFB225A0E7E003523DB /* Frameworks */,
				CC968CFC225A0E7E003523DB /* Resources */,
				060DACEE1F433977B4DE19D6 /* [CP] Embed Pods Frameworks */,
			);
			buildRules = (
			);
			dependencies = (
			);
			name = JustAnApp;
			productName = JustAnApp;
			productReference = CC968CFE225A0E7E003523DB /* JustAnApp.app */;
			productType = "com.apple.product-type.application";
		};
/* End PBXNativeTarget section */

/* Begin PBXProject section */
		CC968CF6225A0E7E003523DB /* Project object */ = {
			isa = PBXProject;
			attributes = {
				LastSwiftUpdateCheck = 1010;
				LastUpgradeCheck = 1010;
				ORGANIZATIONNAME = "Andrzej Michnia";
				TargetAttributes = {
					CC968CFD225A0E7E003523DB = {
						CreatedOnToolsVersion = 10.1;
					};
				};
			};
			buildConfigurationList = CC968CF9225A0E7E003523DB /* Build configuration list for PBXProject "JustAnApp" */;
			compatibilityVersion = "Xcode 9.3";
			developmentRegion = en;
			hasScannedForEncodings = 0;
			knownRegions = (
				en,
				Base,
			);
			mainGroup = CC968CF5225A0E7E003523DB;
			productRefGroup = CC968CFF225A0E7E003523DB /* Products */;
			projectDirPath = "";
			projectRoot = "";
			targets = (
				CC968CFD225A0E7E003523DB /* JustAnApp */,
			);
		};
/* End PBXProject section */

/* Begin PBXResourcesBuildPhase section */
		CC968CFC225A0E7E003523DB /* Resources */ = {
			isa = PBXResourcesBuildPhase;
			buildActionMask = 2147483647;
			files = (
				CC968D0C225A0E80003523DB /* LaunchScreen.storyboard in Resources */,
				CC968D09225A0E80003523DB /* Assets.xcassets in Resources */,
				CC968D07225A0E7E003523DB /* Main.storyboard in Resources */,
			);
			runOnlyForDeploymentPostprocessing = 0;
		};
/* End PBXResourcesBuildPhase section */

/* Begin PBXShellScriptBuildPhase section */
		060DACEE1F433977B4DE19D6 /* [CP] Embed Pods Frameworks */ = {
			isa = PBXShellScriptBuildPhase;
			buildActionMask = 2147483647;
			files = (
			);
			inputFileListPaths = (
			);
			inputPaths = (
				"${PODS_ROOT}/Target Support Files/Pods-JustAnApp/Pods-JustAnApp-frameworks.sh",
				"${PODS_ROOT}/../../SDKProducts/AdditionalSDK.framework",
				"${PODS_ROOT}/../../SDKProducts/MainSDK.framework",
			);
			name = "[CP] Embed Pods Frameworks";
			outputFileListPaths = (
			);
			outputPaths = (
				"${TARGET_BUILD_DIR}/${FRAMEWORKS_FOLDER_PATH}/AdditionalSDK.framework",
				"${TARGET_BUILD_DIR}/${FRAMEWORKS_FOLDER_PATH}/MainSDK.framework",
			);
			runOnlyForDeploymentPostprocessing = 0;
			shellPath = /bin/sh;
			shellScript = "\"${PODS_ROOT}/Target Support Files/Pods-JustAnApp/Pods-JustAnApp-frameworks.sh\"\n";
			showEnvVarsInLog = 0;
		};
		DD9CB2AF0A4657374126E909 /* [CP] Check Pods Manifest.lock */ = {
			isa = PBXShellScriptBuildPhase;
			buildActionMask = 2147483647;
			files = (
			);
			inputFileListPaths = (
			);
			inputPaths = (
				"${PODS_PODFILE_DIR_PATH}/Podfile.lock",
				"${PODS_ROOT}/Manifest.lock",
			);
			name = "[CP] Check Pods Manifest.lock";
			outputFileListPaths = (
			);
			outputPaths = (
				"$(DERIVED_FILE_DIR)/Pods-JustAnApp-checkManifestLockResult.txt",
			);
			runOnlyForDeploymentPostprocessing = 0;
			shellPath = /bin/sh;
			shellScript = "diff \"${PODS_PODFILE_DIR_PATH}/Podfile.lock\" \"${PODS_ROOT}/Manifest.lock\" > /dev/null\nif [ $? != 0 ] ; then\n    # print error to STDERR\n    echo \"error: The sandbox is not in sync with the Podfile.lock. Run 'pod install' or update your CocoaPods installation.\" >&2\n    exit 1\nfi\n# This output is used by Xcode 'outputs' to avoid re-running this script phase.\necho \"SUCCESS\" > \"${SCRIPT_OUTPUT_FILE_0}\"\n";
			showEnvVarsInLog = 0;
		};
/* End PBXShellScriptBuildPhase section */

/* Begin PBXSourcesBuildPhase section */
		CC968CFA225A0E7E003523DB /* Sources */ = {
			isa = PBXSourcesBuildPhase;
			buildActionMask = 2147483647;
			files = (
				CC968D04225A0E7E003523DB /* ViewController.swift in Sources */,
				CC968D02225A0E7E003523DB /* AppDelegate.swift in Sources */,
			);
			runOnlyForDeploymentPostprocessing = 0;
		};
/* End PBXSourcesBuildPhase section */

/* Begin PBXVariantGroup section */
		CC968D05225A0E7E003523DB /* Main.storyboard */ = {
			isa = PBXVariantGroup;
			children = (
				CC968D06225A0E7E003523DB /* Base */,
			);
			name = Main.storyboard;
			sourceTree = "<group>";
		};
		CC968D0A225A0E80003523DB /* LaunchScreen.storyboard */ = {
			isa = PBXVariantGroup;
			children = (
				CC968D0B225A0E80003523DB /* Base */,
			);
			name = LaunchScreen.storyboard;
			sourceTree = "<group>";
		};
/* End PBXVariantGroup section */

/* Begin XCBuildConfiguration section */
		CC968D0E225A0E80003523DB /* Debug */ = {
			isa = XCBuildConfiguration;
			buildSettings = {
				ALWAYS_SEARCH_USER_PATHS = NO;
				CLANG_ANALYZER_NONNULL = YES;
				CLANG_ANALYZER_NUMBER_OBJECT_CONVERSION = YES_AGGRESSIVE;
				CLANG_CXX_LANGUAGE_STANDARD = "gnu++14";
				CLANG_CXX_LIBRARY = "libc++";
				CLANG_ENABLE_MODULES = YES;
				CLANG_ENABLE_OBJC_ARC = YES;
				CLANG_ENABLE_OBJC_WEAK = YES;
				CLANG_WARN_BLOCK_CAPTURE_AUTORELEASING = YES;
				CLANG_WARN_BOOL_CONVERSION = YES;
				CLANG_WARN_COMMA = YES;
				CLANG_WARN_CONSTANT_CONVERSION = YES;
				CLANG_WARN_DEPRECATED_OBJC_IMPLEMENTATIONS = YES;
				CLANG_WARN_DIRECT_OBJC_ISA_USAGE = YES_ERROR;
				CLANG_WARN_DOCUMENTATION_COMMENTS = YES;
				CLANG_WARN_EMPTY_BODY = YES;
				CLANG_WARN_ENUM_CONVERSION = YES;
				CLANG_WARN_INFINITE_RECURSION = YES;
				CLANG_WARN_INT_CONVERSION = YES;
				CLANG_WARN_NON_LITERAL_NULL_CONVERSION = YES;
				CLANG_WARN_OBJC_IMPLICIT_RETAIN_SELF = YES;
				CLANG_WARN_OBJC_LITERAL_CONVERSION = YES;
				CLANG_WARN_OBJC_ROOT_CLASS = YES_ERROR;
				CLANG_WARN_RANGE_LOOP_ANALYSIS = YES;
				CLANG_WARN_STRICT_PROTOTYPES = YES;
				CLANG_WARN_SUSPICIOUS_MOVE = YES;
				CLANG_WARN_UNGUARDED_AVAILABILITY = YES_AGGRESSIVE;
				CLANG_WARN_UNREACHABLE_CODE = YES;
				CLANG_WARN__DUPLICATE_METHOD_MATCH = YES;
				CODE_SIGN_IDENTITY = "iPhone Developer";
				COPY_PHASE_STRIP = NO;
				DEBUG_INFORMATION_FORMAT = dwarf;
				ENABLE_STRICT_OBJC_MSGSEND = YES;
				ENABLE_TESTABILITY = YES;
				GCC_C_LANGUAGE_STANDARD = gnu11;
				GCC_DYNAMIC_NO_PIC = NO;
				GCC_NO_COMMON_BLOCKS = YES;
				GCC_OPTIMIZATION_LEVEL = 0;
				GCC_PREPROCESSOR_DEFINITIONS = (
					"DEBUG=1",
					"$(inherited)",
				);
				GCC_WARN_64_TO_32_BIT_CONVERSION = YES;
				GCC_WARN_ABOUT_RETURN_TYPE = YES_ERROR;
				GCC_WARN_UNDECLARED_SELECTOR = YES;
				GCC_WARN_UNINITIALIZED_AUTOS = YES_AGGRESSIVE;
				GCC_WARN_UNUSED_FUNCTION = YES;
				GCC_WARN_UNUSED_VARIABLE = YES;
				IPHONEOS_DEPLOYMENT_TARGET = 12.1;
				MTL_ENABLE_DEBUG_INFO = INCLUDE_SOURCE;
				MTL_FAST_MATH = YES;
				ONLY_ACTIVE_ARCH = YES;
				SDKROOT = iphoneos;
				SWIFT_ACTIVE_COMPILATION_CONDITIONS = DEBUG;
				SWIFT_OPTIMIZATION_LEVEL = "-Onone";
			};
			name = Debug;
		};
		CC968D0F225A0E80003523DB /* Release */ = {
			isa = XCBuildConfiguration;
			buildSettings = {
				ALWAYS_SEARCH_USER_PATHS = NO;
				CLANG_ANALYZER_NONNULL = YES;
				CLANG_ANALYZER_NUMBER_OBJECT_CONVERSION = YES_AGGRESSIVE;
				CLANG_CXX_LANGUAGE_STANDARD = "gnu++14";
				CLANG_CXX_LIBRARY = "libc++";
				CLANG_ENABLE_MODULES = YES;
				CLANG_ENABLE_OBJC_ARC = YES;
				CLANG_ENABLE_OBJC_WEAK = YES;
				CLANG_WARN_BLOCK_CAPTURE_AUTORELEASING = YES;
				CLANG_WARN_BOOL_CONVERSION = YES;
				CLANG_WARN_COMMA = YES;
				CLANG_WARN_CONSTANT_CONVERSION = YES;
				CLANG_WARN_DEPRECATED_OBJC_IMPLEMENTATIONS = YES;
				CLANG_WARN_DIRECT_OBJC_ISA_USAGE = YES_ERROR;
				CLANG_WARN_DOCUMENTATION_COMMENTS = YES;
				CLANG_WARN_EMPTY_BODY = YES;
				CLANG_WARN_ENUM_CONVERSION = YES;
				CLANG_WARN_INFINITE_RECURSION = YES;
				CLANG_WARN_INT_CONVERSION = YES;
				CLANG_WARN_NON_LITERAL_NULL_CONVERSION = YES;
				CLANG_WARN_OBJC_IMPLICIT_RETAIN_SELF = YES;
				CLANG_WARN_OBJC_LITERAL_CONVERSION = YES;
				CLANG_WARN_OBJC_ROOT_CLASS = YES_ERROR;
				CLANG_WARN_RANGE_LOOP_ANALYSIS = YES;
				CLANG_WARN_STRICT_PROTOTYPES = YES;
				CLANG_WARN_SUSPICIOUS_MOVE = YES;
				CLANG_WARN_UNGUARDED_AVAILABILITY = YES_AGGRESSIVE;
				CLANG_WARN_UNREACHABLE_CODE = YES;
				CLANG_WARN__DUPLICATE_METHOD_MATCH = YES;
				CODE_SIGN_IDENTITY = "iPhone Developer";
				COPY_PHASE_STRIP = NO;
				DEBUG_INFORMATION_FORMAT = "dwarf-with-dsym";
				ENABLE_NS_ASSERTIONS = NO;
				ENABLE_STRICT_OBJC_MSGSEND = YES;
				GCC_C_LANGUAGE_STANDARD = gnu11;
				GCC_NO_COMMON_BLOCKS = YES;
				GCC_WARN_64_TO_32_BIT_CONVERSION = YES;
				GCC_WARN_ABOUT_RETURN_TYPE = YES_ERROR;
				GCC_WARN_UNDECLARED_SELECTOR = YES;
				GCC_WARN_UNINITIALIZED_AUTOS = YES_AGGRESSIVE;
				GCC_WARN_UNUSED_FUNCTION = YES;
				GCC_WARN_UNUSED_VARIABLE = YES;
				IPHONEOS_DEPLOYMENT_TARGET = 12.1;
				MTL_ENABLE_DEBUG_INFO = NO;
				MTL_FAST_MATH = YES;
				SDKROOT = iphoneos;
				SWIFT_COMPILATION_MODE = wholemodule;
				SWIFT_OPTIMIZATION_LEVEL = "-O";
				VALIDATE_PRODUCT = YES;
			};
			name = Release;
		};
		CC968D11225A0E80003523DB /* Debug */ = {
			isa = XCBuildConfiguration;
			baseConfigurationReference = 306B577CDF5321D47ABDF347 /* Pods-JustAnApp.debug.xcconfig */;
			buildSettings = {
				ASSETCATALOG_COMPILER_APPICON_NAME = AppIcon;
				CODE_SIGN_STYLE = Automatic;
				DEVELOPMENT_TEAM = YYAKJ5SR76;
				FRAMEWORK_SEARCH_PATHS = (
					"$(inherited)",
					"\"${PODS_ROOT}/../../SDKProducts\"",
				);
				INFOPLIST_FILE = JustAnApp/Info.plist;
				IPHONEOS_DEPLOYMENT_TARGET = 12.1;
				LD_RUNPATH_SEARCH_PATHS = (
					"$(inherited)",
					"@executable_path/Frameworks",
				);
				PRODUCT_BUNDLE_IDENTIFIER = com.girappe.JustAnApp;
				PRODUCT_NAME = "$(TARGET_NAME)";
				SWIFT_VERSION = 4.2;
				TARGETED_DEVICE_FAMILY = "1,2";
			};
			name = Debug;
		};
		CC968D12225A0E80003523DB /* Release */ = {
			isa = XCBuildConfiguration;
			baseConfigurationReference = D1385C5F06E714A14A64FE1F /* Pods-JustAnApp.release.xcconfig */;
			buildSettings = {
				ASSETCATALOG_COMPILER_APPICON_NAME = AppIcon;
				CODE_SIGN_STYLE = Automatic;
				DEVELOPMENT_TEAM = YYAKJ5SR76;
				FRAMEWORK_SEARCH_PATHS = (
					"$(inherited)",
					"\"${PODS_ROOT}/../../SDKProducts\"",
				);
				INFOPLIST_FILE = JustAnApp/Info.plist;
				IPHONEOS_DEPLOYMENT_TARGET = 12.1;
				LD_RUNPATH_SEARCH_PATHS = (
					"$(inherited)",
					"@executable_path/Frameworks",
				);
				PRODUCT_BUNDLE_IDENTIFIER = com.girappe.JustAnApp;
				PRODUCT_NAME = "$(TARGET_NAME)";
				SWIFT_VERSION = 4.2;
				TARGETED_DEVICE_FAMILY = "1,2";
			};
			name = Release;
		};
/* End XCBuildConfiguration section */

/* Begin XCConfigurationList section */
		CC968CF9225A0E7E003523DB /* Build configuration list for PBXProject "JustAnApp" */ = {
			isa = XCConfigurationList;
			buildConfigurations = (
				CC968D0E225A0E80003523DB /* Debug */,
				CC968D0F225A0E80003523DB /* Release */,
			);
			defaultConfigurationIsVisible = 0;
			defaultConfigurationName = Release;
		};
		CC968D10225A0E80003523DB /* Build configuration list for PBXNativeTarget "JustAnApp" */ = {
			isa = XCConfigurationList;
			buildConfigurations = (
				CC968D11225A0E80003523DB /* Debug */,
				CC968D12225A0E80003523DB /* Release */,
			);
			defaultConfigurationIsVisible = 0;
			defaultConfigurationName = Release;
		};
/* End XCConfigurationList section */
	};
	rootObject = CC968CF6225A0E7E003523DB /* Project object */;
}
